
Microsoft Visual Studio Solution File, Format Version 12.00
# Visual Studio Version 16
VisualStudioVersion = 16.0.30011.22
MinimumVisualStudioVersion = 10.0.40219.1
Project("{FAE04EC0-301F-11D3-BF4B-00C04F79EFBC}") = "Lucifertaker", "Lucifertaker\Lucifertaker.csproj", "{C65F91E5-8F29-4717-9F0B-EDAF98845009}"
EndProject
Project("{54435603-DBB4-11D2-8724-00A0C9A8B90C}") = "Setup", "Setup\Setup.vdproj", "{2AB73CC4-BFD1-43DD-AB08-6528F79A2D03}"
EndProject
Global
	GlobalSection(SolutionConfigurationPlatforms) = preSolution
		Debug|Any CPU = Debug|Any CPU
		Release|Any CPU = Release|Any CPU
	EndGlobalSection
	GlobalSection(ProjectConfigurationPlatforms) = postSolution
		{C65F91E5-8F29-4717-9F0B-EDAF98845009}.Debug|Any CPU.ActiveCfg = Debug|Any CPU
		{C65F91E5-8F29-4717-9F0B-EDAF98845009}.Debug|Any CPU.Build.0 = Debug|Any CPU
		{C65F91E5-8F29-4717-9F0B-EDAF98845009}.Release|Any CPU.ActiveCfg = Release|Any CPU
		{C65F91E5-8F29-4717-9F0B-EDAF98845009}.Release|Any CPU.Build.0 = Release|Any CPU
		{2AB73CC4-BFD1-43DD-AB08-6528F79A2D03}.Debug|Any CPU.ActiveCfg = Debug
		{2AB73CC4-BFD1-43DD-AB08-6528F79A2D03}.Release|Any CPU.ActiveCfg = Release
	EndGlobalSection
	GlobalSection(SolutionProperties) = preSolution
		HideSolutionNode = FALSE
	EndGlobalSection
	GlobalSection(ExtensibilityGlobals) = postSolution
		SolutionGuid = {02102427-CFEB-4963-BD93-A02C3C557E46}
	EndGlobalSection
EndGlobal
